// !$*UTF8*$!
{
	archiveVersion = 1;
	classes = {
	};
	objectVersion = 56;
	objects = {

/* Begin PBXBuildFile section */
		8007410C2B4EE07500CCB95C /* Interceptor.swift in Sources */ = {isa = PBXBuildFile; fileRef = 8007410B2B4EE07500CCB95C /* Interceptor.swift */; };
		8007B0D32B6272D900885AF8 /* AddChannelViewController.swift in Sources */ = {isa = PBXBuildFile; fileRef = 8007B0D22B6272D900885AF8 /* AddChannelViewController.swift */; };
		8007B0D52B62748100885AF8 /* AddChannelViewModel.swift in Sources */ = {isa = PBXBuildFile; fileRef = 8007B0D42B62748100885AF8 /* AddChannelViewModel.swift */; };
		8007B0DB2B64C2A700885AF8 /* UserDefaultsValue.swift in Sources */ = {isa = PBXBuildFile; fileRef = 8007B0DA2B64C2A700885AF8 /* UserDefaultsValue.swift */; };
		800A05532B5265350010505A /* SideMenu in Frameworks */ = {isa = PBXBuildFile; productRef = 800A05522B5265350010505A /* SideMenu */; };
		800A05552B5265AD0010505A /* HomeSideMenuNavigation.swift in Sources */ = {isa = PBXBuildFile; fileRef = 800A05542B5265AD0010505A /* HomeSideMenuNavigation.swift */; };
		800A05572B5268F40010505A /* SideMenuViewController.swift in Sources */ = {isa = PBXBuildFile; fileRef = 800A05562B5268F40010505A /* SideMenuViewController.swift */; };
		800ED5062B45CD89001A7ECC /* NetworkManager.swift in Sources */ = {isa = PBXBuildFile; fileRef = 800ED5052B45CD89001A7ECC /* NetworkManager.swift */; };
		800ED5082B45CFE8001A7ECC /* Router.swift in Sources */ = {isa = PBXBuildFile; fileRef = 800ED5072B45CFE8001A7ECC /* Router.swift */; };
		800ED50B2B464ACE001A7ECC /* NetworkModel.swift in Sources */ = {isa = PBXBuildFile; fileRef = 800ED50A2B464ACE001A7ECC /* NetworkModel.swift */; };
		800ED50E2B46734B001A7ECC /* StartWorkSpaceViewController.swift in Sources */ = {isa = PBXBuildFile; fileRef = 800ED50D2B46734B001A7ECC /* StartWorkSpaceViewController.swift */; };
		800ED5102B468041001A7ECC /* CustomLabel.swift in Sources */ = {isa = PBXBuildFile; fileRef = 800ED50F2B468041001A7ECC /* CustomLabel.swift */; };
		8020C9692B599A0600783221 /* ChannelHeaderView.swift in Sources */ = {isa = PBXBuildFile; fileRef = 8020C9682B599A0600783221 /* ChannelHeaderView.swift */; };
		802837C92B4BDE20004CB167 /* CreateWorkSpaceViewController.swift in Sources */ = {isa = PBXBuildFile; fileRef = 802837C82B4BDE20004CB167 /* CreateWorkSpaceViewController.swift */; };
		802837CB2B4BDE32004CB167 /* CreateWorkSpaceViewModel.swift in Sources */ = {isa = PBXBuildFile; fileRef = 802837CA2B4BDE32004CB167 /* CreateWorkSpaceViewModel.swift */; };
		802DB5142B451903004A5C47 /* CustonButton.swift in Sources */ = {isa = PBXBuildFile; fileRef = 802DB5132B451903004A5C47 /* CustonButton.swift */; };
		803AD1192B6B36BB00E8E8D9 /* ChannelChattingViewController.swift in Sources */ = {isa = PBXBuildFile; fileRef = 803AD1182B6B36BB00E8E8D9 /* ChannelChattingViewController.swift */; };
		803AD11B2B6D088100E8E8D9 /* ChannelChatting.swift in Sources */ = {isa = PBXBuildFile; fileRef = 803AD11A2B6D088100E8E8D9 /* ChannelChatting.swift */; };
		803AD11D2B6DD7AC00E8E8D9 /* ChannelChattingViewModel.swift in Sources */ = {isa = PBXBuildFile; fileRef = 803AD11C2B6DD7AC00E8E8D9 /* ChannelChattingViewModel.swift */; };
		803E5E0C2B6639AD0016985F /* FindChannelViewController.swift in Sources */ = {isa = PBXBuildFile; fileRef = 803E5E0B2B6639AC0016985F /* FindChannelViewController.swift */; };
		803E5E0E2B66426C0016985F /* FindChannelListTableViewCell.swift in Sources */ = {isa = PBXBuildFile; fileRef = 803E5E0D2B66426C0016985F /* FindChannelListTableViewCell.swift */; };
		803E5E102B66912C0016985F /* FindChannelViewModel.swift in Sources */ = {isa = PBXBuildFile; fileRef = 803E5E0F2B66912C0016985F /* FindChannelViewModel.swift */; };
		803E5E122B6A56320016985F /* CustomAlertViewController.swift in Sources */ = {isa = PBXBuildFile; fileRef = 803E5E112B6A56320016985F /* CustomAlertViewController.swift */; };
		8047E8472B4532740018254B /* SocialLoginViewController.swift in Sources */ = {isa = PBXBuildFile; fileRef = 8047E8462B4532740018254B /* SocialLoginViewController.swift */; };
		8047E84A2B4544020018254B /* RegisterViewController.swift in Sources */ = {isa = PBXBuildFile; fileRef = 8047E8492B4544020018254B /* RegisterViewController.swift */; };
		8047E84E2B456B940018254B /* CustomRegisterTextField.swift in Sources */ = {isa = PBXBuildFile; fileRef = 8047E84D2B456B940018254B /* CustomRegisterTextField.swift */; };
		804D63BB2B65307B0038C9F9 /* UIimageResize.swift in Sources */ = {isa = PBXBuildFile; fileRef = 804D63BA2B65307B0038C9F9 /* UIimageResize.swift */; };
		807E3A9D2B4F17C500587A33 /* LaunchViewController.swift in Sources */ = {isa = PBXBuildFile; fileRef = 807E3A9C2B4F17C500587A33 /* LaunchViewController.swift */; };
		807E3A9F2B4FAC4100587A33 /* HomeInitialViewController.swift in Sources */ = {isa = PBXBuildFile; fileRef = 807E3A9E2B4FAC4100587A33 /* HomeInitialViewController.swift */; };
		80802A972B468B4E008F1723 /* BaseViewController.swift in Sources */ = {isa = PBXBuildFile; fileRef = 80802A962B468B4E008F1723 /* BaseViewController.swift */; };
		80802A992B4692AE008F1723 /* SocialLoginViewModel.swift in Sources */ = {isa = PBXBuildFile; fileRef = 80802A982B4692AE008F1723 /* SocialLoginViewModel.swift */; };
		80802A9D2B46CDAC008F1723 /* KeyChain.swift in Sources */ = {isa = PBXBuildFile; fileRef = 80802A9C2B46CDAC008F1723 /* KeyChain.swift */; };
		80802AA02B46E09E008F1723 /* HomeEmptyViewController.swift in Sources */ = {isa = PBXBuildFile; fileRef = 80802A9F2B46E09E008F1723 /* HomeEmptyViewController.swift */; };
		80802AA52B471013008F1723 /* RegisterViewModel.swift in Sources */ = {isa = PBXBuildFile; fileRef = 80802AA42B471013008F1723 /* RegisterViewModel.swift */; };
		80802AA72B471059008F1723 /* ViewModelType.swift in Sources */ = {isa = PBXBuildFile; fileRef = 80802AA62B471059008F1723 /* ViewModelType.swift */; };
		80802AA92B471748008F1723 /* ValidationCheck.swift in Sources */ = {isa = PBXBuildFile; fileRef = 80802AA82B471748008F1723 /* ValidationCheck.swift */; };
		808A75C02B542D7400FD075D /* SideMenuTableViewCell.swift in Sources */ = {isa = PBXBuildFile; fileRef = 808A75BF2B542D7400FD075D /* SideMenuTableViewCell.swift */; };
		808A75C22B5437E400FD075D /* ReusableViewProtocol.swift in Sources */ = {isa = PBXBuildFile; fileRef = 808A75C12B5437E400FD075D /* ReusableViewProtocol.swift */; };
		809CF0112B4C441200F7BC68 /* CommonError.swift in Sources */ = {isa = PBXBuildFile; fileRef = 809CF0102B4C441200F7BC68 /* CommonError.swift */; };
		809CF0132B4D3CB200F7BC68 /* MultipartModel.swift in Sources */ = {isa = PBXBuildFile; fileRef = 809CF0122B4D3CB200F7BC68 /* MultipartModel.swift */; };
		80C16BF72B4FD3A400414D98 /* KFModifier.swift in Sources */ = {isa = PBXBuildFile; fileRef = 80C16BF62B4FD3A400414D98 /* KFModifier.swift */; };
		80C16BF92B5159D700414D98 /* ViewMove.swift in Sources */ = {isa = PBXBuildFile; fileRef = 80C16BF82B5159D700414D98 /* ViewMove.swift */; };
		80C629782B61349C00CBFF97 /* toDateAndString.swift in Sources */ = {isa = PBXBuildFile; fileRef = 80C629772B61349C00CBFF97 /* toDateAndString.swift */; };
		80C6297B2B61350900CBFF97 /* WorkSpaceList.swift in Sources */ = {isa = PBXBuildFile; fileRef = 80C6297A2B61350900CBFF97 /* WorkSpaceList.swift */; };
		80C6297D2B61374B00CBFF97 /* MyInfo.swift in Sources */ = {isa = PBXBuildFile; fileRef = 80C6297C2B61374B00CBFF97 /* MyInfo.swift */; };
		80C6297F2B6138D000CBFF97 /* GetDmList.swift in Sources */ = {isa = PBXBuildFile; fileRef = 80C6297E2B6138D000CBFF97 /* GetDmList.swift */; };
		80CC39722B4430BA009E0818 /* AppDelegate.swift in Sources */ = {isa = PBXBuildFile; fileRef = 80CC39712B4430BA009E0818 /* AppDelegate.swift */; };
		80CC39742B4430BA009E0818 /* SceneDelegate.swift in Sources */ = {isa = PBXBuildFile; fileRef = 80CC39732B4430BA009E0818 /* SceneDelegate.swift */; };
		80CC39762B4430BA009E0818 /* OnboardingViewController.swift in Sources */ = {isa = PBXBuildFile; fileRef = 80CC39752B4430BA009E0818 /* OnboardingViewController.swift */; };
		80CC397B2B4430BD009E0818 /* Assets.xcassets in Resources */ = {isa = PBXBuildFile; fileRef = 80CC397A2B4430BD009E0818 /* Assets.xcassets */; };
		80CC397E2B4430BD009E0818 /* LaunchScreen.storyboard in Resources */ = {isa = PBXBuildFile; fileRef = 80CC397C2B4430BD009E0818 /* LaunchScreen.storyboard */; };
		80CC398B2B4437B4009E0818 /* RxDataSources in Frameworks */ = {isa = PBXBuildFile; productRef = 80CC398A2B4437B4009E0818 /* RxDataSources */; };
		80CC398E2B4437C1009E0818 /* SnapKit in Frameworks */ = {isa = PBXBuildFile; productRef = 80CC398D2B4437C1009E0818 /* SnapKit */; };
		80CC39912B4437E2009E0818 /* RxCocoa in Frameworks */ = {isa = PBXBuildFile; productRef = 80CC39902B4437E2009E0818 /* RxCocoa */; };
		80CC39932B4437E2009E0818 /* RxSwift in Frameworks */ = {isa = PBXBuildFile; productRef = 80CC39922B4437E2009E0818 /* RxSwift */; };
		80CC39962B443818009E0818 /* IQKeyboardManagerSwift in Frameworks */ = {isa = PBXBuildFile; productRef = 80CC39952B443818009E0818 /* IQKeyboardManagerSwift */; };
		80CC39992B443828009E0818 /* Kingfisher in Frameworks */ = {isa = PBXBuildFile; productRef = 80CC39982B443828009E0818 /* Kingfisher */; };
		80CC399C2B4439A6009E0818 /* Toast in Frameworks */ = {isa = PBXBuildFile; productRef = 80CC399B2B4439A6009E0818 /* Toast */; };
		80CC399F2B443C88009E0818 /* Alamofire in Frameworks */ = {isa = PBXBuildFile; productRef = 80CC399E2B443C88009E0818 /* Alamofire */; };
		80CC39A22B443E49009E0818 /* KakaoSDKAuth in Frameworks */ = {isa = PBXBuildFile; productRef = 80CC39A12B443E49009E0818 /* KakaoSDKAuth */; };
		80CC39A42B443E49009E0818 /* KakaoSDKCommon in Frameworks */ = {isa = PBXBuildFile; productRef = 80CC39A32B443E49009E0818 /* KakaoSDKCommon */; };
		80CC39A62B443E49009E0818 /* KakaoSDKUser in Frameworks */ = {isa = PBXBuildFile; productRef = 80CC39A52B443E49009E0818 /* KakaoSDKUser */; };
		80CC39A82B443FE0009E0818 /* APIKey.swift in Sources */ = {isa = PBXBuildFile; fileRef = 80CC39A72B443FE0009E0818 /* APIKey.swift */; };
		80CC39AA2B4440C8009E0818 /* CustomColor.swift in Sources */ = {isa = PBXBuildFile; fileRef = 80CC39A92B4440C8009E0818 /* CustomColor.swift */; };
		80CC39AE2B4447B9009E0818 /* Fonts.swift in Sources */ = {isa = PBXBuildFile; fileRef = 80CC39AD2B4447B9009E0818 /* Fonts.swift */; };
		80CC39B02B44584C009E0818 /* SF-Pro.ttf in Resources */ = {isa = PBXBuildFile; fileRef = 80CC39AF2B44584C009E0818 /* SF-Pro.ttf */; };
		80D696DA2B55971F00C1761E /* HomeInitialViewModel.swift in Sources */ = {isa = PBXBuildFile; fileRef = 80D696D92B55971F00C1761E /* HomeInitialViewModel.swift */; };
		80F80CC62B5D5C760077654A /* ChannelFooterView.swift in Sources */ = {isa = PBXBuildFile; fileRef = 80F80CC52B5D5C760077654A /* ChannelFooterView.swift */; };
		80F80CC92B5E4EF90077654A /* DmTableViewCell.swift in Sources */ = {isa = PBXBuildFile; fileRef = 80F80CC82B5E4EF90077654A /* DmTableViewCell.swift */; };
		80F80CCB2B5E4F060077654A /* DmHeaderView.swift in Sources */ = {isa = PBXBuildFile; fileRef = 80F80CCA2B5E4F060077654A /* DmHeaderView.swift */; };
		80F80CCD2B5E4F120077654A /* DmFooterView.swift in Sources */ = {isa = PBXBuildFile; fileRef = 80F80CCC2B5E4F120077654A /* DmFooterView.swift */; };
		80FFA2692B55712C00ED6995 /* ChannelTableViewCell.swift in Sources */ = {isa = PBXBuildFile; fileRef = 80FFA2682B55712C00ED6995 /* ChannelTableViewCell.swift */; };
/* End PBXBuildFile section */

/* Begin PBXFileReference section */
		8007410B2B4EE07500CCB95C /* Interceptor.swift */ = {isa = PBXFileReference; lastKnownFileType = sourcecode.swift; path = Interceptor.swift; sourceTree = "<group>"; };
		8007B0D22B6272D900885AF8 /* AddChannelViewController.swift */ = {isa = PBXFileReference; lastKnownFileType = sourcecode.swift; path = AddChannelViewController.swift; sourceTree = "<group>"; };
		8007B0D42B62748100885AF8 /* AddChannelViewModel.swift */ = {isa = PBXFileReference; lastKnownFileType = sourcecode.swift; path = AddChannelViewModel.swift; sourceTree = "<group>"; };
		8007B0DA2B64C2A700885AF8 /* UserDefaultsValue.swift */ = {isa = PBXFileReference; lastKnownFileType = sourcecode.swift; path = UserDefaultsValue.swift; sourceTree = "<group>"; };
		800A05542B5265AD0010505A /* HomeSideMenuNavigation.swift */ = {isa = PBXFileReference; lastKnownFileType = sourcecode.swift; path = HomeSideMenuNavigation.swift; sourceTree = "<group>"; };
		800A05562B5268F40010505A /* SideMenuViewController.swift */ = {isa = PBXFileReference; lastKnownFileType = sourcecode.swift; path = SideMenuViewController.swift; sourceTree = "<group>"; };
		800ED5022B45C67D001A7ECC /* Config.xcconfig */ = {isa = PBXFileReference; lastKnownFileType = text.xcconfig; path = Config.xcconfig; sourceTree = "<group>"; };
		800ED5052B45CD89001A7ECC /* NetworkManager.swift */ = {isa = PBXFileReference; lastKnownFileType = sourcecode.swift; path = NetworkManager.swift; sourceTree = "<group>"; };
		800ED5072B45CFE8001A7ECC /* Router.swift */ = {isa = PBXFileReference; lastKnownFileType = sourcecode.swift; path = Router.swift; sourceTree = "<group>"; };
		800ED50A2B464ACE001A7ECC /* NetworkModel.swift */ = {isa = PBXFileReference; lastKnownFileType = sourcecode.swift; path = NetworkModel.swift; sourceTree = "<group>"; };
		800ED50D2B46734B001A7ECC /* StartWorkSpaceViewController.swift */ = {isa = PBXFileReference; lastKnownFileType = sourcecode.swift; path = StartWorkSpaceViewController.swift; sourceTree = "<group>"; };
		800ED50F2B468041001A7ECC /* CustomLabel.swift */ = {isa = PBXFileReference; lastKnownFileType = sourcecode.swift; path = CustomLabel.swift; sourceTree = "<group>"; };
		8020C9682B599A0600783221 /* ChannelHeaderView.swift */ = {isa = PBXFileReference; lastKnownFileType = sourcecode.swift; path = ChannelHeaderView.swift; sourceTree = "<group>"; };
		802837C82B4BDE20004CB167 /* CreateWorkSpaceViewController.swift */ = {isa = PBXFileReference; lastKnownFileType = sourcecode.swift; path = CreateWorkSpaceViewController.swift; sourceTree = "<group>"; };
		802837CA2B4BDE32004CB167 /* CreateWorkSpaceViewModel.swift */ = {isa = PBXFileReference; lastKnownFileType = sourcecode.swift; path = CreateWorkSpaceViewModel.swift; sourceTree = "<group>"; };
		802DB5132B451903004A5C47 /* CustonButton.swift */ = {isa = PBXFileReference; lastKnownFileType = sourcecode.swift; path = CustonButton.swift; sourceTree = "<group>"; };
		803AD1182B6B36BB00E8E8D9 /* ChannelChattingViewController.swift */ = {isa = PBXFileReference; lastKnownFileType = sourcecode.swift; path = ChannelChattingViewController.swift; sourceTree = "<group>"; };
		803AD11A2B6D088100E8E8D9 /* ChannelChatting.swift */ = {isa = PBXFileReference; lastKnownFileType = sourcecode.swift; path = ChannelChatting.swift; sourceTree = "<group>"; };
		803AD11C2B6DD7AC00E8E8D9 /* ChannelChattingViewModel.swift */ = {isa = PBXFileReference; lastKnownFileType = sourcecode.swift; path = ChannelChattingViewModel.swift; sourceTree = "<group>"; };
		803E5E0B2B6639AC0016985F /* FindChannelViewController.swift */ = {isa = PBXFileReference; lastKnownFileType = sourcecode.swift; path = FindChannelViewController.swift; sourceTree = "<group>"; };
		803E5E0D2B66426C0016985F /* FindChannelListTableViewCell.swift */ = {isa = PBXFileReference; lastKnownFileType = sourcecode.swift; path = FindChannelListTableViewCell.swift; sourceTree = "<group>"; };
		803E5E0F2B66912C0016985F /* FindChannelViewModel.swift */ = {isa = PBXFileReference; lastKnownFileType = sourcecode.swift; path = FindChannelViewModel.swift; sourceTree = "<group>"; };
		803E5E112B6A56320016985F /* CustomAlertViewController.swift */ = {isa = PBXFileReference; lastKnownFileType = sourcecode.swift; path = CustomAlertViewController.swift; sourceTree = "<group>"; };
		8047E8462B4532740018254B /* SocialLoginViewController.swift */ = {isa = PBXFileReference; lastKnownFileType = sourcecode.swift; path = SocialLoginViewController.swift; sourceTree = "<group>"; };
		8047E8492B4544020018254B /* RegisterViewController.swift */ = {isa = PBXFileReference; lastKnownFileType = sourcecode.swift; path = RegisterViewController.swift; sourceTree = "<group>"; };
		8047E84D2B456B940018254B /* CustomRegisterTextField.swift */ = {isa = PBXFileReference; lastKnownFileType = sourcecode.swift; path = CustomRegisterTextField.swift; sourceTree = "<group>"; };
		804D63BA2B65307B0038C9F9 /* UIimageResize.swift */ = {isa = PBXFileReference; lastKnownFileType = sourcecode.swift; path = UIimageResize.swift; sourceTree = "<group>"; };
		807E3A9C2B4F17C500587A33 /* LaunchViewController.swift */ = {isa = PBXFileReference; lastKnownFileType = sourcecode.swift; path = LaunchViewController.swift; sourceTree = "<group>"; };
		807E3A9E2B4FAC4100587A33 /* HomeInitialViewController.swift */ = {isa = PBXFileReference; lastKnownFileType = sourcecode.swift; path = HomeInitialViewController.swift; sourceTree = "<group>"; };
		80802A962B468B4E008F1723 /* BaseViewController.swift */ = {isa = PBXFileReference; lastKnownFileType = sourcecode.swift; path = BaseViewController.swift; sourceTree = "<group>"; };
		80802A982B4692AE008F1723 /* SocialLoginViewModel.swift */ = {isa = PBXFileReference; lastKnownFileType = sourcecode.swift; path = SocialLoginViewModel.swift; sourceTree = "<group>"; };
		80802A9C2B46CDAC008F1723 /* KeyChain.swift */ = {isa = PBXFileReference; lastKnownFileType = sourcecode.swift; path = KeyChain.swift; sourceTree = "<group>"; };
		80802A9F2B46E09E008F1723 /* HomeEmptyViewController.swift */ = {isa = PBXFileReference; lastKnownFileType = sourcecode.swift; path = HomeEmptyViewController.swift; sourceTree = "<group>"; };
		80802AA42B471013008F1723 /* RegisterViewModel.swift */ = {isa = PBXFileReference; lastKnownFileType = sourcecode.swift; path = RegisterViewModel.swift; sourceTree = "<group>"; };
		80802AA62B471059008F1723 /* ViewModelType.swift */ = {isa = PBXFileReference; lastKnownFileType = sourcecode.swift; path = ViewModelType.swift; sourceTree = "<group>"; };
		80802AA82B471748008F1723 /* ValidationCheck.swift */ = {isa = PBXFileReference; lastKnownFileType = sourcecode.swift; path = ValidationCheck.swift; sourceTree = "<group>"; };
		808A75BF2B542D7400FD075D /* SideMenuTableViewCell.swift */ = {isa = PBXFileReference; lastKnownFileType = sourcecode.swift; path = SideMenuTableViewCell.swift; sourceTree = "<group>"; };
		808A75C12B5437E400FD075D /* ReusableViewProtocol.swift */ = {isa = PBXFileReference; lastKnownFileType = sourcecode.swift; path = ReusableViewProtocol.swift; sourceTree = "<group>"; };
		809CF0102B4C441200F7BC68 /* CommonError.swift */ = {isa = PBXFileReference; lastKnownFileType = sourcecode.swift; path = CommonError.swift; sourceTree = "<group>"; };
		809CF0122B4D3CB200F7BC68 /* MultipartModel.swift */ = {isa = PBXFileReference; lastKnownFileType = sourcecode.swift; path = MultipartModel.swift; sourceTree = "<group>"; };
		80C16BF62B4FD3A400414D98 /* KFModifier.swift */ = {isa = PBXFileReference; fileEncoding = 4; lastKnownFileType = sourcecode.swift; path = KFModifier.swift; sourceTree = "<group>"; };
		80C16BF82B5159D700414D98 /* ViewMove.swift */ = {isa = PBXFileReference; lastKnownFileType = sourcecode.swift; path = ViewMove.swift; sourceTree = "<group>"; };
		80C629772B61349C00CBFF97 /* toDateAndString.swift */ = {isa = PBXFileReference; lastKnownFileType = sourcecode.swift; path = toDateAndString.swift; sourceTree = "<group>"; };
		80C6297A2B61350900CBFF97 /* WorkSpaceList.swift */ = {isa = PBXFileReference; lastKnownFileType = sourcecode.swift; path = WorkSpaceList.swift; sourceTree = "<group>"; };
		80C6297C2B61374B00CBFF97 /* MyInfo.swift */ = {isa = PBXFileReference; lastKnownFileType = sourcecode.swift; path = MyInfo.swift; sourceTree = "<group>"; };
		80C6297E2B6138D000CBFF97 /* GetDmList.swift */ = {isa = PBXFileReference; lastKnownFileType = sourcecode.swift; path = GetDmList.swift; sourceTree = "<group>"; };
		80CC396E2B4430BA009E0818 /* BranchTalk.app */ = {isa = PBXFileReference; explicitFileType = wrapper.application; includeInIndex = 0; path = BranchTalk.app; sourceTree = BUILT_PRODUCTS_DIR; };
		80CC39712B4430BA009E0818 /* AppDelegate.swift */ = {isa = PBXFileReference; lastKnownFileType = sourcecode.swift; path = AppDelegate.swift; sourceTree = "<group>"; };
		80CC39732B4430BA009E0818 /* SceneDelegate.swift */ = {isa = PBXFileReference; lastKnownFileType = sourcecode.swift; path = SceneDelegate.swift; sourceTree = "<group>"; };
		80CC39752B4430BA009E0818 /* OnboardingViewController.swift */ = {isa = PBXFileReference; lastKnownFileType = sourcecode.swift; path = OnboardingViewController.swift; sourceTree = "<group>"; };
		80CC397A2B4430BD009E0818 /* Assets.xcassets */ = {isa = PBXFileReference; lastKnownFileType = folder.assetcatalog; path = Assets.xcassets; sourceTree = "<group>"; };
		80CC397D2B4430BD009E0818 /* Base */ = {isa = PBXFileReference; lastKnownFileType = file.storyboard; name = Base; path = Base.lproj/LaunchScreen.storyboard; sourceTree = "<group>"; };
		80CC397F2B4430BD009E0818 /* Info.plist */ = {isa = PBXFileReference; lastKnownFileType = text.plist.xml; path = Info.plist; sourceTree = "<group>"; };
		80CC39A72B443FE0009E0818 /* APIKey.swift */ = {isa = PBXFileReference; lastKnownFileType = sourcecode.swift; path = APIKey.swift; sourceTree = "<group>"; };
		80CC39A92B4440C8009E0818 /* CustomColor.swift */ = {isa = PBXFileReference; lastKnownFileType = sourcecode.swift; path = CustomColor.swift; sourceTree = "<group>"; };
		80CC39AD2B4447B9009E0818 /* Fonts.swift */ = {isa = PBXFileReference; lastKnownFileType = sourcecode.swift; path = Fonts.swift; sourceTree = "<group>"; };
		80CC39AF2B44584C009E0818 /* SF-Pro.ttf */ = {isa = PBXFileReference; lastKnownFileType = file; path = "SF-Pro.ttf"; sourceTree = "<group>"; };
		80D696D92B55971F00C1761E /* HomeInitialViewModel.swift */ = {isa = PBXFileReference; lastKnownFileType = sourcecode.swift; path = HomeInitialViewModel.swift; sourceTree = "<group>"; };
		80F80CC52B5D5C760077654A /* ChannelFooterView.swift */ = {isa = PBXFileReference; lastKnownFileType = sourcecode.swift; path = ChannelFooterView.swift; sourceTree = "<group>"; };
		80F80CC82B5E4EF90077654A /* DmTableViewCell.swift */ = {isa = PBXFileReference; lastKnownFileType = sourcecode.swift; path = DmTableViewCell.swift; sourceTree = "<group>"; };
		80F80CCA2B5E4F060077654A /* DmHeaderView.swift */ = {isa = PBXFileReference; lastKnownFileType = sourcecode.swift; path = DmHeaderView.swift; sourceTree = "<group>"; };
		80F80CCC2B5E4F120077654A /* DmFooterView.swift */ = {isa = PBXFileReference; lastKnownFileType = sourcecode.swift; path = DmFooterView.swift; sourceTree = "<group>"; };
		80FFA2682B55712C00ED6995 /* ChannelTableViewCell.swift */ = {isa = PBXFileReference; lastKnownFileType = sourcecode.swift; path = ChannelTableViewCell.swift; sourceTree = "<group>"; };
/* End PBXFileReference section */

/* Begin PBXFrameworksBuildPhase section */
		80CC396B2B4430BA009E0818 /* Frameworks */ = {
			isa = PBXFrameworksBuildPhase;
			buildActionMask = 2147483647;
			files = (
				80CC39992B443828009E0818 /* Kingfisher in Frameworks */,
				80CC39A62B443E49009E0818 /* KakaoSDKUser in Frameworks */,
				80CC399F2B443C88009E0818 /* Alamofire in Frameworks */,
				80CC39962B443818009E0818 /* IQKeyboardManagerSwift in Frameworks */,
				80CC39912B4437E2009E0818 /* RxCocoa in Frameworks */,
				80CC398B2B4437B4009E0818 /* RxDataSources in Frameworks */,
				80CC39932B4437E2009E0818 /* RxSwift in Frameworks */,
				80CC399C2B4439A6009E0818 /* Toast in Frameworks */,
				80CC398E2B4437C1009E0818 /* SnapKit in Frameworks */,
				80CC39A42B443E49009E0818 /* KakaoSDKCommon in Frameworks */,
				800A05532B5265350010505A /* SideMenu in Frameworks */,
				80CC39A22B443E49009E0818 /* KakaoSDKAuth in Frameworks */,
			);
			runOnlyForDeploymentPostprocessing = 0;
		};
/* End PBXFrameworksBuildPhase section */

/* Begin PBXGroup section */
		800ED5092B464AC1001A7ECC /* Model */ = {
			isa = PBXGroup;
			children = (
				800ED50A2B464ACE001A7ECC /* NetworkModel.swift */,
				809CF0122B4D3CB200F7BC68 /* MultipartModel.swift */,
			);
			path = Model;
			sourceTree = "<group>";
		};
		800ED50C2B467292001A7ECC /* WorkSpace */ = {
			isa = PBXGroup;
			children = (
				802837C72B4BDE05004CB167 /* CreateWorkSpace */,
				80802A9E2B46E01C008F1723 /* Main */,
				800ED50D2B46734B001A7ECC /* StartWorkSpaceViewController.swift */,
			);
			path = WorkSpace;
			sourceTree = "<group>";
		};
		8020C9672B5999E200783221 /* Channel */ = {
			isa = PBXGroup;
			children = (
				80FFA2682B55712C00ED6995 /* ChannelTableViewCell.swift */,
				8020C9682B599A0600783221 /* ChannelHeaderView.swift */,
				80F80CC52B5D5C760077654A /* ChannelFooterView.swift */,
				803AD1172B6B36A200E8E8D9 /* Chatting */,
				803E5E0A2B6639070016985F /* Find */,
				803E5E092B6638F90016985F /* Add */,
			);
			path = Channel;
			sourceTree = "<group>";
		};
		802837C72B4BDE05004CB167 /* CreateWorkSpace */ = {
			isa = PBXGroup;
			children = (
				802837C82B4BDE20004CB167 /* CreateWorkSpaceViewController.swift */,
				802837CA2B4BDE32004CB167 /* CreateWorkSpaceViewModel.swift */,
			);
			path = CreateWorkSpace;
			sourceTree = "<group>";
		};
		802DB5112B45178F004A5C47 /* Onboarding */ = {
			isa = PBXGroup;
			children = (
				80CC39752B4430BA009E0818 /* OnboardingViewController.swift */,
				807E3A9C2B4F17C500587A33 /* LaunchViewController.swift */,
			);
			path = Onboarding;
			sourceTree = "<group>";
		};
		802DB5122B4518CD004A5C47 /* Custom */ = {
			isa = PBXGroup;
			children = (
				802DB5132B451903004A5C47 /* CustonButton.swift */,
				8047E84D2B456B940018254B /* CustomRegisterTextField.swift */,
				800ED50F2B468041001A7ECC /* CustomLabel.swift */,
				803E5E112B6A56320016985F /* CustomAlertViewController.swift */,
			);
			path = Custom;
			sourceTree = "<group>";
		};
		803AD1172B6B36A200E8E8D9 /* Chatting */ = {
			isa = PBXGroup;
			children = (
				803AD1182B6B36BB00E8E8D9 /* ChannelChattingViewController.swift */,
				803AD11C2B6DD7AC00E8E8D9 /* ChannelChattingViewModel.swift */,
			);
			path = Chatting;
			sourceTree = "<group>";
		};
		803E5E092B6638F90016985F /* Add */ = {
			isa = PBXGroup;
			children = (
				8007B0D22B6272D900885AF8 /* AddChannelViewController.swift */,
				8007B0D42B62748100885AF8 /* AddChannelViewModel.swift */,
			);
			path = Add;
			sourceTree = "<group>";
		};
		803E5E0A2B6639070016985F /* Find */ = {
			isa = PBXGroup;
			children = (
				803E5E0B2B6639AC0016985F /* FindChannelViewController.swift */,
				803E5E0F2B66912C0016985F /* FindChannelViewModel.swift */,
				803E5E0D2B66426C0016985F /* FindChannelListTableViewCell.swift */,
			);
			path = Find;
			sourceTree = "<group>";
		};
		8047E8452B4532340018254B /* SocialLogin */ = {
			isa = PBXGroup;
			children = (
				8047E8462B4532740018254B /* SocialLoginViewController.swift */,
				80802A982B4692AE008F1723 /* SocialLoginViewModel.swift */,
			);
			path = SocialLogin;
			sourceTree = "<group>";
		};
		8047E8482B4543810018254B /* Register */ = {
			isa = PBXGroup;
			children = (
				8047E8492B4544020018254B /* RegisterViewController.swift */,
				80802AA42B471013008F1723 /* RegisterViewModel.swift */,
			);
			path = Register;
			sourceTree = "<group>";
		};
		80802A952B468B44008F1723 /* Base */ = {
			isa = PBXGroup;
			children = (
				80802A962B468B4E008F1723 /* BaseViewController.swift */,
			);
			path = Base;
			sourceTree = "<group>";
		};
		80802A9E2B46E01C008F1723 /* Main */ = {
			isa = PBXGroup;
			children = (
				808A75BE2B542D5600FD075D /* SideMenu */,
				80802A9F2B46E09E008F1723 /* HomeEmptyViewController.swift */,
				80FFA2672B55710400ED6995 /* HomeInitial */,
				800A05542B5265AD0010505A /* HomeSideMenuNavigation.swift */,
			);
			path = Main;
			sourceTree = "<group>";
		};
		808A75BE2B542D5600FD075D /* SideMenu */ = {
			isa = PBXGroup;
			children = (
				800A05562B5268F40010505A /* SideMenuViewController.swift */,
				808A75BF2B542D7400FD075D /* SideMenuTableViewCell.swift */,
			);
			path = SideMenu;
			sourceTree = "<group>";
		};
		80C629762B61348A00CBFF97 /* Extensions */ = {
			isa = PBXGroup;
			children = (
				80C629772B61349C00CBFF97 /* toDateAndString.swift */,
				804D63BA2B65307B0038C9F9 /* UIimageResize.swift */,
			);
			path = Extensions;
			sourceTree = "<group>";
		};
		80C629792B6134F700CBFF97 /* Entities */ = {
			isa = PBXGroup;
			children = (
				80C6297A2B61350900CBFF97 /* WorkSpaceList.swift */,
				80C6297C2B61374B00CBFF97 /* MyInfo.swift */,
				80C6297E2B6138D000CBFF97 /* GetDmList.swift */,
				803AD11A2B6D088100E8E8D9 /* ChannelChatting.swift */,
			);
			path = Entities;
			sourceTree = "<group>";
		};
		80CC39652B4430BA009E0818 = {
			isa = PBXGroup;
			children = (
				80CC39702B4430BA009E0818 /* BranchTalk */,
				80CC396F2B4430BA009E0818 /* Products */,
			);
			sourceTree = "<group>";
		};
		80CC396F2B4430BA009E0818 /* Products */ = {
			isa = PBXGroup;
			children = (
				80CC396E2B4430BA009E0818 /* BranchTalk.app */,
			);
			name = Products;
			sourceTree = "<group>";
		};
		80CC39702B4430BA009E0818 /* BranchTalk */ = {
			isa = PBXGroup;
			children = (
				80C629762B61348A00CBFF97 /* Extensions */,
				80802A952B468B44008F1723 /* Base */,
				800ED5092B464AC1001A7ECC /* Model */,
				802DB5122B4518CD004A5C47 /* Custom */,
				80CC39882B443661009E0818 /* Util */,
				80CC39872B4435E3009E0818 /* Protocol */,
				80CC39862B443575009E0818 /* Network */,
				80CC39852B44356D009E0818 /* View */,
				80CC39712B4430BA009E0818 /* AppDelegate.swift */,
				80CC39732B4430BA009E0818 /* SceneDelegate.swift */,
				80CC397A2B4430BD009E0818 /* Assets.xcassets */,
				80CC397C2B4430BD009E0818 /* LaunchScreen.storyboard */,
				80CC397F2B4430BD009E0818 /* Info.plist */,
				800ED5022B45C67D001A7ECC /* Config.xcconfig */,
			);
			path = BranchTalk;
			sourceTree = "<group>";
		};
		80CC39852B44356D009E0818 /* View */ = {
			isa = PBXGroup;
			children = (
				800ED50C2B467292001A7ECC /* WorkSpace */,
				8047E8482B4543810018254B /* Register */,
				8047E8452B4532340018254B /* SocialLogin */,
				802DB5112B45178F004A5C47 /* Onboarding */,
			);
			path = View;
			sourceTree = "<group>";
		};
		80CC39862B443575009E0818 /* Network */ = {
			isa = PBXGroup;
			children = (
				80C629792B6134F700CBFF97 /* Entities */,
				80CC39A72B443FE0009E0818 /* APIKey.swift */,
				800ED5052B45CD89001A7ECC /* NetworkManager.swift */,
				800ED5072B45CFE8001A7ECC /* Router.swift */,
				809CF0102B4C441200F7BC68 /* CommonError.swift */,
				8007410B2B4EE07500CCB95C /* Interceptor.swift */,
			);
			path = Network;
			sourceTree = "<group>";
		};
		80CC39872B4435E3009E0818 /* Protocol */ = {
			isa = PBXGroup;
			children = (
				80802AA62B471059008F1723 /* ViewModelType.swift */,
				808A75C12B5437E400FD075D /* ReusableViewProtocol.swift */,
			);
			path = Protocol;
			sourceTree = "<group>";
		};
		80CC39882B443661009E0818 /* Util */ = {
			isa = PBXGroup;
			children = (
				80CC39A92B4440C8009E0818 /* CustomColor.swift */,
				80CC39AD2B4447B9009E0818 /* Fonts.swift */,
				80CC39AF2B44584C009E0818 /* SF-Pro.ttf */,
				80802A9C2B46CDAC008F1723 /* KeyChain.swift */,
				8007B0DA2B64C2A700885AF8 /* UserDefaultsValue.swift */,
				80802AA82B471748008F1723 /* ValidationCheck.swift */,
				80C16BF62B4FD3A400414D98 /* KFModifier.swift */,
				80C16BF82B5159D700414D98 /* ViewMove.swift */,
			);
			path = Util;
			sourceTree = "<group>";
		};
		80F80CC72B5E4EE60077654A /* Dm */ = {
			isa = PBXGroup;
			children = (
				80F80CC82B5E4EF90077654A /* DmTableViewCell.swift */,
				80F80CCA2B5E4F060077654A /* DmHeaderView.swift */,
				80F80CCC2B5E4F120077654A /* DmFooterView.swift */,
			);
			path = Dm;
			sourceTree = "<group>";
		};
		80FFA2672B55710400ED6995 /* HomeInitial */ = {
			isa = PBXGroup;
			children = (
				807E3A9E2B4FAC4100587A33 /* HomeInitialViewController.swift */,
				80D696D92B55971F00C1761E /* HomeInitialViewModel.swift */,
				80F80CC72B5E4EE60077654A /* Dm */,
				8020C9672B5999E200783221 /* Channel */,
			);
			path = HomeInitial;
			sourceTree = "<group>";
		};
/* End PBXGroup section */

/* Begin PBXNativeTarget section */
		80CC396D2B4430BA009E0818 /* BranchTalk */ = {
			isa = PBXNativeTarget;
			buildConfigurationList = 80CC39822B4430BD009E0818 /* Build configuration list for PBXNativeTarget "BranchTalk" */;
			buildPhases = (
				80CC396A2B4430BA009E0818 /* Sources */,
				80CC396B2B4430BA009E0818 /* Frameworks */,
				80CC396C2B4430BA009E0818 /* Resources */,
			);
			buildRules = (
			);
			dependencies = (
			);
			name = BranchTalk;
			packageProductDependencies = (
				80CC398A2B4437B4009E0818 /* RxDataSources */,
				80CC398D2B4437C1009E0818 /* SnapKit */,
				80CC39902B4437E2009E0818 /* RxCocoa */,
				80CC39922B4437E2009E0818 /* RxSwift */,
				80CC39952B443818009E0818 /* IQKeyboardManagerSwift */,
				80CC39982B443828009E0818 /* Kingfisher */,
				80CC399B2B4439A6009E0818 /* Toast */,
				80CC399E2B443C88009E0818 /* Alamofire */,
				80CC39A12B443E49009E0818 /* KakaoSDKAuth */,
				80CC39A32B443E49009E0818 /* KakaoSDKCommon */,
				80CC39A52B443E49009E0818 /* KakaoSDKUser */,
				800A05522B5265350010505A /* SideMenu */,
			);
			productName = BranchTalk;
			productReference = 80CC396E2B4430BA009E0818 /* BranchTalk.app */;
			productType = "com.apple.product-type.application";
		};
/* End PBXNativeTarget section */

/* Begin PBXProject section */
		80CC39662B4430BA009E0818 /* Project object */ = {
			isa = PBXProject;
			attributes = {
				BuildIndependentTargetsInParallel = 1;
				LastSwiftUpdateCheck = 1510;
				LastUpgradeCheck = 1510;
				TargetAttributes = {
					80CC396D2B4430BA009E0818 = {
						CreatedOnToolsVersion = 15.1;
					};
				};
			};
			buildConfigurationList = 80CC39692B4430BA009E0818 /* Build configuration list for PBXProject "BranchTalk" */;
			compatibilityVersion = "Xcode 14.0";
			developmentRegion = en;
			hasScannedForEncodings = 0;
			knownRegions = (
				en,
				Base,
			);
			mainGroup = 80CC39652B4430BA009E0818;
			packageReferences = (
				80CC39892B4437B4009E0818 /* XCRemoteSwiftPackageReference "RxDataSources" */,
				80CC398C2B4437C1009E0818 /* XCRemoteSwiftPackageReference "SnapKit" */,
				80CC398F2B4437E2009E0818 /* XCRemoteSwiftPackageReference "RxSwift" */,
				80CC39942B443818009E0818 /* XCRemoteSwiftPackageReference "IQKeyboardManager" */,
				80CC39972B443828009E0818 /* XCRemoteSwiftPackageReference "Kingfisher" */,
				80CC399A2B4439A6009E0818 /* XCRemoteSwiftPackageReference "Toast-Swift" */,
				80CC399D2B443C88009E0818 /* XCRemoteSwiftPackageReference "Alamofire" */,
				80CC39A02B443E49009E0818 /* XCRemoteSwiftPackageReference "kakao-ios-sdk" */,
				800A05512B5265350010505A /* XCRemoteSwiftPackageReference "SideMenu" */,
			);
			productRefGroup = 80CC396F2B4430BA009E0818 /* Products */;
			projectDirPath = "";
			projectRoot = "";
			targets = (
				80CC396D2B4430BA009E0818 /* BranchTalk */,
			);
		};
/* End PBXProject section */

/* Begin PBXResourcesBuildPhase section */
		80CC396C2B4430BA009E0818 /* Resources */ = {
			isa = PBXResourcesBuildPhase;
			buildActionMask = 2147483647;
			files = (
				80CC397E2B4430BD009E0818 /* LaunchScreen.storyboard in Resources */,
				80CC39B02B44584C009E0818 /* SF-Pro.ttf in Resources */,
				80CC397B2B4430BD009E0818 /* Assets.xcassets in Resources */,
			);
			runOnlyForDeploymentPostprocessing = 0;
		};
/* End PBXResourcesBuildPhase section */

/* Begin PBXSourcesBuildPhase section */
		80CC396A2B4430BA009E0818 /* Sources */ = {
			isa = PBXSourcesBuildPhase;
			buildActionMask = 2147483647;
			files = (
				8047E84A2B4544020018254B /* RegisterViewController.swift in Sources */,
				800ED5102B468041001A7ECC /* CustomLabel.swift in Sources */,
				80F80CCD2B5E4F120077654A /* DmFooterView.swift in Sources */,
				80802AA02B46E09E008F1723 /* HomeEmptyViewController.swift in Sources */,
				803E5E102B66912C0016985F /* FindChannelViewModel.swift in Sources */,
				80CC39762B4430BA009E0818 /* OnboardingViewController.swift in Sources */,
				80C6297F2B6138D000CBFF97 /* GetDmList.swift in Sources */,
				80C6297B2B61350900CBFF97 /* WorkSpaceList.swift in Sources */,
				80F80CC92B5E4EF90077654A /* DmTableViewCell.swift in Sources */,
				800A05572B5268F40010505A /* SideMenuViewController.swift in Sources */,
				80F80CC62B5D5C760077654A /* ChannelFooterView.swift in Sources */,
				80F80CCB2B5E4F060077654A /* DmHeaderView.swift in Sources */,
				80FFA2692B55712C00ED6995 /* ChannelTableViewCell.swift in Sources */,
				80CC39AA2B4440C8009E0818 /* CustomColor.swift in Sources */,
				809CF0112B4C441200F7BC68 /* CommonError.swift in Sources */,
				80802A992B4692AE008F1723 /* SocialLoginViewModel.swift in Sources */,
				800ED50B2B464ACE001A7ECC /* NetworkModel.swift in Sources */,
				803E5E0C2B6639AD0016985F /* FindChannelViewController.swift in Sources */,
				8020C9692B599A0600783221 /* ChannelHeaderView.swift in Sources */,
				803AD11D2B6DD7AC00E8E8D9 /* ChannelChattingViewModel.swift in Sources */,
				809CF0132B4D3CB200F7BC68 /* MultipartModel.swift in Sources */,
				80802A972B468B4E008F1723 /* BaseViewController.swift in Sources */,
				808A75C22B5437E400FD075D /* ReusableViewProtocol.swift in Sources */,
				80C16BF92B5159D700414D98 /* ViewMove.swift in Sources */,
				802837CB2B4BDE32004CB167 /* CreateWorkSpaceViewModel.swift in Sources */,
				80CC39722B4430BA009E0818 /* AppDelegate.swift in Sources */,
				803AD1192B6B36BB00E8E8D9 /* ChannelChattingViewController.swift in Sources */,
				80C629782B61349C00CBFF97 /* toDateAndString.swift in Sources */,
				80CC39A82B443FE0009E0818 /* APIKey.swift in Sources */,
				802837C92B4BDE20004CB167 /* CreateWorkSpaceViewController.swift in Sources */,
				80802A9D2B46CDAC008F1723 /* KeyChain.swift in Sources */,
				800A05552B5265AD0010505A /* HomeSideMenuNavigation.swift in Sources */,
				803E5E122B6A56320016985F /* CustomAlertViewController.swift in Sources */,
				80802AA52B471013008F1723 /* RegisterViewModel.swift in Sources */,
				803E5E0E2B66426C0016985F /* FindChannelListTableViewCell.swift in Sources */,
				80C6297D2B61374B00CBFF97 /* MyInfo.swift in Sources */,
				803AD11B2B6D088100E8E8D9 /* ChannelChatting.swift in Sources */,
				8007410C2B4EE07500CCB95C /* Interceptor.swift in Sources */,
				8047E84E2B456B940018254B /* CustomRegisterTextField.swift in Sources */,
				8007B0D32B6272D900885AF8 /* AddChannelViewController.swift in Sources */,
				802DB5142B451903004A5C47 /* CustonButton.swift in Sources */,
				8007B0D52B62748100885AF8 /* AddChannelViewModel.swift in Sources */,
				804D63BB2B65307B0038C9F9 /* UIimageResize.swift in Sources */,
				80C16BF72B4FD3A400414D98 /* KFModifier.swift in Sources */,
				807E3A9D2B4F17C500587A33 /* LaunchViewController.swift in Sources */,
				8047E8472B4532740018254B /* SocialLoginViewController.swift in Sources */,
				800ED5062B45CD89001A7ECC /* NetworkManager.swift in Sources */,
				800ED5082B45CFE8001A7ECC /* Router.swift in Sources */,
				8007B0DB2B64C2A700885AF8 /* UserDefaultsValue.swift in Sources */,
				808A75C02B542D7400FD075D /* SideMenuTableViewCell.swift in Sources */,
				800ED50E2B46734B001A7ECC /* StartWorkSpaceViewController.swift in Sources */,
				80D696DA2B55971F00C1761E /* HomeInitialViewModel.swift in Sources */,
				80802AA92B471748008F1723 /* ValidationCheck.swift in Sources */,
				80CC39AE2B4447B9009E0818 /* Fonts.swift in Sources */,
				80CC39742B4430BA009E0818 /* SceneDelegate.swift in Sources */,
				80802AA72B471059008F1723 /* ViewModelType.swift in Sources */,
				807E3A9F2B4FAC4100587A33 /* HomeInitialViewController.swift in Sources */,
			);
			runOnlyForDeploymentPostprocessing = 0;
		};
/* End PBXSourcesBuildPhase section */

/* Begin PBXVariantGroup section */
		80CC397C2B4430BD009E0818 /* LaunchScreen.storyboard */ = {
			isa = PBXVariantGroup;
			children = (
				80CC397D2B4430BD009E0818 /* Base */,
			);
			name = LaunchScreen.storyboard;
			sourceTree = "<group>";
		};
/* End PBXVariantGroup section */

/* Begin XCBuildConfiguration section */
		80CC39802B4430BD009E0818 /* Debug */ = {
			isa = XCBuildConfiguration;
			baseConfigurationReference = 800ED5022B45C67D001A7ECC /* Config.xcconfig */;
			buildSettings = {
				ALWAYS_SEARCH_USER_PATHS = NO;
				ASSETCATALOG_COMPILER_GENERATE_SWIFT_ASSET_SYMBOL_EXTENSIONS = YES;
				CLANG_ANALYZER_LOCALIZABILITY_NONLOCALIZED = YES;
				CLANG_ANALYZER_NONNULL = YES;
				CLANG_ANALYZER_NUMBER_OBJECT_CONVERSION = YES_AGGRESSIVE;
				CLANG_CXX_LANGUAGE_STANDARD = "gnu++20";
				CLANG_ENABLE_MODULES = YES;
				CLANG_ENABLE_OBJC_ARC = YES;
				CLANG_ENABLE_OBJC_WEAK = YES;
				CLANG_WARN_BLOCK_CAPTURE_AUTORELEASING = YES;
				CLANG_WARN_BOOL_CONVERSION = YES;
				CLANG_WARN_COMMA = YES;
				CLANG_WARN_CONSTANT_CONVERSION = YES;
				CLANG_WARN_DEPRECATED_OBJC_IMPLEMENTATIONS = YES;
				CLANG_WARN_DIRECT_OBJC_ISA_USAGE = YES_ERROR;
				CLANG_WARN_DOCUMENTATION_COMMENTS = YES;
				CLANG_WARN_EMPTY_BODY = YES;
				CLANG_WARN_ENUM_CONVERSION = YES;
				CLANG_WARN_INFINITE_RECURSION = YES;
				CLANG_WARN_INT_CONVERSION = YES;
				CLANG_WARN_NON_LITERAL_NULL_CONVERSION = YES;
				CLANG_WARN_OBJC_IMPLICIT_RETAIN_SELF = YES;
				CLANG_WARN_OBJC_LITERAL_CONVERSION = YES;
				CLANG_WARN_OBJC_ROOT_CLASS = YES_ERROR;
				CLANG_WARN_QUOTED_INCLUDE_IN_FRAMEWORK_HEADER = YES;
				CLANG_WARN_RANGE_LOOP_ANALYSIS = YES;
				CLANG_WARN_STRICT_PROTOTYPES = YES;
				CLANG_WARN_SUSPICIOUS_MOVE = YES;
				CLANG_WARN_UNGUARDED_AVAILABILITY = YES_AGGRESSIVE;
				CLANG_WARN_UNREACHABLE_CODE = YES;
				CLANG_WARN__DUPLICATE_METHOD_MATCH = YES;
				COPY_PHASE_STRIP = NO;
				DEBUG_INFORMATION_FORMAT = dwarf;
				ENABLE_STRICT_OBJC_MSGSEND = YES;
				ENABLE_TESTABILITY = YES;
				ENABLE_USER_SCRIPT_SANDBOXING = YES;
				GCC_C_LANGUAGE_STANDARD = gnu17;
				GCC_DYNAMIC_NO_PIC = NO;
				GCC_NO_COMMON_BLOCKS = YES;
				GCC_OPTIMIZATION_LEVEL = 0;
				GCC_PREPROCESSOR_DEFINITIONS = (
					"DEBUG=1",
					"$(inherited)",
				);
				GCC_WARN_64_TO_32_BIT_CONVERSION = YES;
				GCC_WARN_ABOUT_RETURN_TYPE = YES_ERROR;
				GCC_WARN_UNDECLARED_SELECTOR = YES;
				GCC_WARN_UNINITIALIZED_AUTOS = YES_AGGRESSIVE;
				GCC_WARN_UNUSED_FUNCTION = YES;
				GCC_WARN_UNUSED_VARIABLE = YES;
				IPHONEOS_DEPLOYMENT_TARGET = 17.2;
				LOCALIZATION_PREFERS_STRING_CATALOGS = YES;
				MTL_ENABLE_DEBUG_INFO = INCLUDE_SOURCE;
				MTL_FAST_MATH = YES;
				ONLY_ACTIVE_ARCH = YES;
				SDKROOT = iphoneos;
				SWIFT_ACTIVE_COMPILATION_CONDITIONS = "DEBUG $(inherited)";
				SWIFT_OPTIMIZATION_LEVEL = "-Onone";
			};
			name = Debug;
		};
		80CC39812B4430BD009E0818 /* Release */ = {
			isa = XCBuildConfiguration;
			baseConfigurationReference = 800ED5022B45C67D001A7ECC /* Config.xcconfig */;
			buildSettings = {
				ALWAYS_SEARCH_USER_PATHS = NO;
				ASSETCATALOG_COMPILER_GENERATE_SWIFT_ASSET_SYMBOL_EXTENSIONS = YES;
				CLANG_ANALYZER_LOCALIZABILITY_NONLOCALIZED = YES;
				CLANG_ANALYZER_NONNULL = YES;
				CLANG_ANALYZER_NUMBER_OBJECT_CONVERSION = YES_AGGRESSIVE;
				CLANG_CXX_LANGUAGE_STANDARD = "gnu++20";
				CLANG_ENABLE_MODULES = YES;
				CLANG_ENABLE_OBJC_ARC = YES;
				CLANG_ENABLE_OBJC_WEAK = YES;
				CLANG_WARN_BLOCK_CAPTURE_AUTORELEASING = YES;
				CLANG_WARN_BOOL_CONVERSION = YES;
				CLANG_WARN_COMMA = YES;
				CLANG_WARN_CONSTANT_CONVERSION = YES;
				CLANG_WARN_DEPRECATED_OBJC_IMPLEMENTATIONS = YES;
				CLANG_WARN_DIRECT_OBJC_ISA_USAGE = YES_ERROR;
				CLANG_WARN_DOCUMENTATION_COMMENTS = YES;
				CLANG_WARN_EMPTY_BODY = YES;
				CLANG_WARN_ENUM_CONVERSION = YES;
				CLANG_WARN_INFINITE_RECURSION = YES;
				CLANG_WARN_INT_CONVERSION = YES;
				CLANG_WARN_NON_LITERAL_NULL_CONVERSION = YES;
				CLANG_WARN_OBJC_IMPLICIT_RETAIN_SELF = YES;
				CLANG_WARN_OBJC_LITERAL_CONVERSION = YES;
				CLANG_WARN_OBJC_ROOT_CLASS = YES_ERROR;
				CLANG_WARN_QUOTED_INCLUDE_IN_FRAMEWORK_HEADER = YES;
				CLANG_WARN_RANGE_LOOP_ANALYSIS = YES;
				CLANG_WARN_STRICT_PROTOTYPES = YES;
				CLANG_WARN_SUSPICIOUS_MOVE = YES;
				CLANG_WARN_UNGUARDED_AVAILABILITY = YES_AGGRESSIVE;
				CLANG_WARN_UNREACHABLE_CODE = YES;
				CLANG_WARN__DUPLICATE_METHOD_MATCH = YES;
				COPY_PHASE_STRIP = NO;
				DEBUG_INFORMATION_FORMAT = "dwarf-with-dsym";
				ENABLE_NS_ASSERTIONS = NO;
				ENABLE_STRICT_OBJC_MSGSEND = YES;
				ENABLE_USER_SCRIPT_SANDBOXING = YES;
				GCC_C_LANGUAGE_STANDARD = gnu17;
				GCC_NO_COMMON_BLOCKS = YES;
				GCC_WARN_64_TO_32_BIT_CONVERSION = YES;
				GCC_WARN_ABOUT_RETURN_TYPE = YES_ERROR;
				GCC_WARN_UNDECLARED_SELECTOR = YES;
				GCC_WARN_UNINITIALIZED_AUTOS = YES_AGGRESSIVE;
				GCC_WARN_UNUSED_FUNCTION = YES;
				GCC_WARN_UNUSED_VARIABLE = YES;
				IPHONEOS_DEPLOYMENT_TARGET = 17.2;
				LOCALIZATION_PREFERS_STRING_CATALOGS = YES;
				MTL_ENABLE_DEBUG_INFO = NO;
				MTL_FAST_MATH = YES;
				SDKROOT = iphoneos;
				SWIFT_COMPILATION_MODE = wholemodule;
				VALIDATE_PRODUCT = YES;
			};
			name = Release;
		};
		80CC39832B4430BD009E0818 /* Debug */ = {
			isa = XCBuildConfiguration;
			baseConfigurationReference = 800ED5022B45C67D001A7ECC /* Config.xcconfig */;
			buildSettings = {
				ASSETCATALOG_COMPILER_APPICON_NAME = AppIcon;
				ASSETCATALOG_COMPILER_GLOBAL_ACCENT_COLOR_NAME = AccentColor;
				CODE_SIGN_STYLE = Automatic;
				CURRENT_PROJECT_VERSION = 1;
				DEVELOPMENT_TEAM = PUJ68C53FY;
				GENERATE_INFOPLIST_FILE = YES;
				INFOPLIST_FILE = BranchTalk/Info.plist;
				INFOPLIST_KEY_UIApplicationSupportsIndirectInputEvents = YES;
				INFOPLIST_KEY_UILaunchStoryboardName = LaunchScreen;
				INFOPLIST_KEY_UISupportedInterfaceOrientations_iPad = "UIInterfaceOrientationPortrait UIInterfaceOrientationPortraitUpsideDown UIInterfaceOrientationLandscapeLeft UIInterfaceOrientationLandscapeRight";
				INFOPLIST_KEY_UISupportedInterfaceOrientations_iPhone = "UIInterfaceOrientationPortrait UIInterfaceOrientationLandscapeLeft UIInterfaceOrientationLandscapeRight";
				LD_RUNPATH_SEARCH_PATHS = (
					"$(inherited)",
					"@executable_path/Frameworks",
				);
				MARKETING_VERSION = 1.0;
				PRODUCT_BUNDLE_IDENTIFIER = com.Han.BranchTalk;
				PRODUCT_NAME = "$(TARGET_NAME)";
				SWIFT_EMIT_LOC_STRINGS = YES;
				SWIFT_VERSION = 5.0;
				TARGETED_DEVICE_FAMILY = "1,2";
			};
			name = Debug;
		};
		80CC39842B4430BD009E0818 /* Release */ = {
			isa = XCBuildConfiguration;
			baseConfigurationReference = 800ED5022B45C67D001A7ECC /* Config.xcconfig */;
			buildSettings = {
				ASSETCATALOG_COMPILER_APPICON_NAME = AppIcon;
				ASSETCATALOG_COMPILER_GLOBAL_ACCENT_COLOR_NAME = AccentColor;
				CODE_SIGN_STYLE = Automatic;
				CURRENT_PROJECT_VERSION = 1;
				DEVELOPMENT_TEAM = PUJ68C53FY;
				GENERATE_INFOPLIST_FILE = YES;
				INFOPLIST_FILE = BranchTalk/Info.plist;
				INFOPLIST_KEY_UIApplicationSupportsIndirectInputEvents = YES;
				INFOPLIST_KEY_UILaunchStoryboardName = LaunchScreen;
				INFOPLIST_KEY_UISupportedInterfaceOrientations_iPad = "UIInterfaceOrientationPortrait UIInterfaceOrientationPortraitUpsideDown UIInterfaceOrientationLandscapeLeft UIInterfaceOrientationLandscapeRight";
				INFOPLIST_KEY_UISupportedInterfaceOrientations_iPhone = "UIInterfaceOrientationPortrait UIInterfaceOrientationLandscapeLeft UIInterfaceOrientationLandscapeRight";
				LD_RUNPATH_SEARCH_PATHS = (
					"$(inherited)",
					"@executable_path/Frameworks",
				);
				MARKETING_VERSION = 1.0;
				PRODUCT_BUNDLE_IDENTIFIER = com.Han.BranchTalk;
				PRODUCT_NAME = "$(TARGET_NAME)";
				SWIFT_EMIT_LOC_STRINGS = YES;
				SWIFT_VERSION = 5.0;
				TARGETED_DEVICE_FAMILY = "1,2";
			};
			name = Release;
		};
/* End XCBuildConfiguration section */

/* Begin XCConfigurationList section */
		80CC39692B4430BA009E0818 /* Build configuration list for PBXProject "BranchTalk" */ = {
			isa = XCConfigurationList;
			buildConfigurations = (
				80CC39802B4430BD009E0818 /* Debug */,
				80CC39812B4430BD009E0818 /* Release */,
			);
			defaultConfigurationIsVisible = 0;
			defaultConfigurationName = Release;
		};
		80CC39822B4430BD009E0818 /* Build configuration list for PBXNativeTarget "BranchTalk" */ = {
			isa = XCConfigurationList;
			buildConfigurations = (
				80CC39832B4430BD009E0818 /* Debug */,
				80CC39842B4430BD009E0818 /* Release */,
			);
			defaultConfigurationIsVisible = 0;
			defaultConfigurationName = Release;
		};
/* End XCConfigurationList section */

/* Begin XCRemoteSwiftPackageReference section */
		800A05512B5265350010505A /* XCRemoteSwiftPackageReference "SideMenu" */ = {
			isa = XCRemoteSwiftPackageReference;
			repositoryURL = "https://github.com/jonkykong/SideMenu.git";
			requirement = {
				kind = upToNextMajorVersion;
				minimumVersion = 6.5.0;
			};
		};
		80CC39892B4437B4009E0818 /* XCRemoteSwiftPackageReference "RxDataSources" */ = {
			isa = XCRemoteSwiftPackageReference;
			repositoryURL = "https://github.com/RxSwiftCommunity/RxDataSources.git";
			requirement = {
				kind = upToNextMajorVersion;
				minimumVersion = 5.0.2;
			};
		};
		80CC398C2B4437C1009E0818 /* XCRemoteSwiftPackageReference "SnapKit" */ = {
			isa = XCRemoteSwiftPackageReference;
			repositoryURL = "https://github.com/SnapKit/SnapKit.git";
			requirement = {
				kind = upToNextMajorVersion;
				minimumVersion = 5.7.0;
			};
		};
		80CC398F2B4437E2009E0818 /* XCRemoteSwiftPackageReference "RxSwift" */ = {
			isa = XCRemoteSwiftPackageReference;
			repositoryURL = "https://github.com/ReactiveX/RxSwift.git";
			requirement = {
				kind = upToNextMajorVersion;
				minimumVersion = 6.6.0;
			};
		};
		80CC39942B443818009E0818 /* XCRemoteSwiftPackageReference "IQKeyboardManager" */ = {
			isa = XCRemoteSwiftPackageReference;
			repositoryURL = "https://github.com/hackiftekhar/IQKeyboardManager.git";
			requirement = {
				kind = upToNextMajorVersion;
				minimumVersion = 6.5.16;
			};
		};
		80CC39972B443828009E0818 /* XCRemoteSwiftPackageReference "Kingfisher" */ = {
			isa = XCRemoteSwiftPackageReference;
			repositoryURL = "https://github.com/onevcat/Kingfisher.git";
			requirement = {
				kind = upToNextMajorVersion;
				minimumVersion = 7.10.1;
			};
		};
		80CC399A2B4439A6009E0818 /* XCRemoteSwiftPackageReference "Toast-Swift" */ = {
			isa = XCRemoteSwiftPackageReference;
			repositoryURL = "https://github.com/scalessec/Toast-Swift.git";
			requirement = {
				kind = upToNextMajorVersion;
				minimumVersion = 5.0.1;
			};
		};
		80CC399D2B443C88009E0818 /* XCRemoteSwiftPackageReference "Alamofire" */ = {
			isa = XCRemoteSwiftPackageReference;
			repositoryURL = "https://github.com/Alamofire/Alamofire.git";
			requirement = {
				kind = upToNextMajorVersion;
				minimumVersion = 5.8.1;
			};
		};
		80CC39A02B443E49009E0818 /* XCRemoteSwiftPackageReference "kakao-ios-sdk" */ = {
			isa = XCRemoteSwiftPackageReference;
			repositoryURL = "https://github.com/kakao/kakao-ios-sdk";
			requirement = {
				kind = upToNextMajorVersion;
				minimumVersion = 2.20.0;
			};
		};
/* End XCRemoteSwiftPackageReference section */

/* Begin XCSwiftPackageProductDependency section */
		800A05522B5265350010505A /* SideMenu */ = {
			isa = XCSwiftPackageProductDependency;
			package = 800A05512B5265350010505A /* XCRemoteSwiftPackageReference "SideMenu" */;
			productName = SideMenu;
		};
		80CC398A2B4437B4009E0818 /* RxDataSources */ = {
			isa = XCSwiftPackageProductDependency;
			package = 80CC39892B4437B4009E0818 /* XCRemoteSwiftPackageReference "RxDataSources" */;
			productName = RxDataSources;
		};
		80CC398D2B4437C1009E0818 /* SnapKit */ = {
			isa = XCSwiftPackageProductDependency;
			package = 80CC398C2B4437C1009E0818 /* XCRemoteSwiftPackageReference "SnapKit" */;
			productName = SnapKit;
		};
		80CC39902B4437E2009E0818 /* RxCocoa */ = {
			isa = XCSwiftPackageProductDependency;
			package = 80CC398F2B4437E2009E0818 /* XCRemoteSwiftPackageReference "RxSwift" */;
			productName = RxCocoa;
		};
		80CC39922B4437E2009E0818 /* RxSwift */ = {
			isa = XCSwiftPackageProductDependency;
			package = 80CC398F2B4437E2009E0818 /* XCRemoteSwiftPackageReference "RxSwift" */;
			productName = RxSwift;
		};
		80CC39952B443818009E0818 /* IQKeyboardManagerSwift */ = {
			isa = XCSwiftPackageProductDependency;
			package = 80CC39942B443818009E0818 /* XCRemoteSwiftPackageReference "IQKeyboardManager" */;
			productName = IQKeyboardManagerSwift;
		};
		80CC39982B443828009E0818 /* Kingfisher */ = {
			isa = XCSwiftPackageProductDependency;
			package = 80CC39972B443828009E0818 /* XCRemoteSwiftPackageReference "Kingfisher" */;
			productName = Kingfisher;
		};
		80CC399B2B4439A6009E0818 /* Toast */ = {
			isa = XCSwiftPackageProductDependency;
			package = 80CC399A2B4439A6009E0818 /* XCRemoteSwiftPackageReference "Toast-Swift" */;
			productName = Toast;
		};
		80CC399E2B443C88009E0818 /* Alamofire */ = {
			isa = XCSwiftPackageProductDependency;
			package = 80CC399D2B443C88009E0818 /* XCRemoteSwiftPackageReference "Alamofire" */;
			productName = Alamofire;
		};
		80CC39A12B443E49009E0818 /* KakaoSDKAuth */ = {
			isa = XCSwiftPackageProductDependency;
			package = 80CC39A02B443E49009E0818 /* XCRemoteSwiftPackageReference "kakao-ios-sdk" */;
			productName = KakaoSDKAuth;
		};
		80CC39A32B443E49009E0818 /* KakaoSDKCommon */ = {
			isa = XCSwiftPackageProductDependency;
			package = 80CC39A02B443E49009E0818 /* XCRemoteSwiftPackageReference "kakao-ios-sdk" */;
			productName = KakaoSDKCommon;
		};
		80CC39A52B443E49009E0818 /* KakaoSDKUser */ = {
			isa = XCSwiftPackageProductDependency;
			package = 80CC39A02B443E49009E0818 /* XCRemoteSwiftPackageReference "kakao-ios-sdk" */;
			productName = KakaoSDKUser;
		};
/* End XCSwiftPackageProductDependency section */
	};
	rootObject = 80CC39662B4430BA009E0818 /* Project object */;
}
